# This file is automatically @generated by Cargo.
# It is not intended for manual editing.
version = 4

[[package]]
name = "bearmail-edge"
version = "0.1.0"
dependencies = [
 "proxy-header",
]

[[package]]
name = "proxy-header"
version = "0.1.2"
source = "registry+https://github.com/rust-lang/crates.io-index"
checksum = "dc1493f63ddddfba840c3169e997c2905d09538ace72d64e84af6324c6e0e065"
